
Microsoft Visual Studio Solution File, Format Version 12.00
# Visual Studio 15
Project("{FAE04EC0-301F-11D3-BF4B-00C04F79EFBC}") = "MyApp.Android", "MyApp.Android\MyApp.Android.csproj", "{487E383F-B71A-4963-A57F-3619BF89B19B}"
EndProject
Project("{FAE04EC0-301F-11D3-BF4B-00C04F79EFBC}") = "MyApp.iOS", "MyApp.iOS\MyApp.iOS.csproj", "{43E87089-BD20-49ED-B2C9-A7ECB2871DC3}"
EndProject
Project("{FAE04EC0-301F-11D3-BF4B-00C04F79EFBC}") = "MyApp.UITests", "MyApp.UITests\MyApp.UITests.csproj", "{0FA1984A-692B-4ED8-82B0-5FCA875C1CCB}"
EndProject
Project("{FAE04EC0-301F-11D3-BF4B-00C04F79EFBC}") = "MyApp", "MyApp\MyApp.csproj", "{D4595336-CA96-4424-BFC2-677DDE7E09C9}"
EndProject
Global
	GlobalSection(SolutionConfigurationPlatforms) = preSolution
		Debug|Any CPU = Debug|Any CPU
		Release|Any CPU = Release|Any CPU
		Debug|iPhoneSimulator = Debug|iPhoneSimulator
		Release|iPhoneSimulator = Release|iPhoneSimulator
		Debug|iPhone = Debug|iPhone
		Release|iPhone = Release|iPhone
	EndGlobalSection
	GlobalSection(ProjectConfigurationPlatforms) = postSolution
		{487E383F-B71A-4963-A57F-3619BF89B19B}.Debug|Any CPU.ActiveCfg = Debug|Any CPU
		{487E383F-B71A-4963-A57F-3619BF89B19B}.Debug|Any CPU.Build.0 = Debug|Any CPU
		{487E383F-B71A-4963-A57F-3619BF89B19B}.Release|Any CPU.ActiveCfg = Release|Any CPU
		{487E383F-B71A-4963-A57F-3619BF89B19B}.Release|Any CPU.Build.0 = Release|Any CPU
		{487E383F-B71A-4963-A57F-3619BF89B19B}.Debug|iPhoneSimulator.ActiveCfg = Debug|Any CPU
		{487E383F-B71A-4963-A57F-3619BF89B19B}.Debug|iPhoneSimulator.Build.0 = Debug|Any CPU
		{487E383F-B71A-4963-A57F-3619BF89B19B}.Release|iPhoneSimulator.ActiveCfg = Release|Any CPU
		{487E383F-B71A-4963-A57F-3619BF89B19B}.Release|iPhoneSimulator.Build.0 = Release|Any CPU
		{487E383F-B71A-4963-A57F-3619BF89B19B}.Debug|iPhone.ActiveCfg = Debug|Any CPU
		{487E383F-B71A-4963-A57F-3619BF89B19B}.Debug|iPhone.Build.0 = Debug|Any CPU
		{487E383F-B71A-4963-A57F-3619BF89B19B}.Release|iPhone.ActiveCfg = Release|Any CPU
		{487E383F-B71A-4963-A57F-3619BF89B19B}.Release|iPhone.Build.0 = Release|Any CPU
		{43E87089-BD20-49ED-B2C9-A7ECB2871DC3}.Debug|Any CPU.ActiveCfg = Debug|iPhoneSimulator
		{43E87089-BD20-49ED-B2C9-A7ECB2871DC3}.Debug|Any CPU.Build.0 = Debug|iPhoneSimulator
		{43E87089-BD20-49ED-B2C9-A7ECB2871DC3}.Release|Any CPU.ActiveCfg = Release|iPhoneSimulator
		{43E87089-BD20-49ED-B2C9-A7ECB2871DC3}.Release|Any CPU.Build.0 = Release|iPhoneSimulator
		{43E87089-BD20-49ED-B2C9-A7ECB2871DC3}.Debug|iPhoneSimulator.ActiveCfg = Debug|iPhoneSimulator
		{43E87089-BD20-49ED-B2C9-A7ECB2871DC3}.Debug|iPhoneSimulator.Build.0 = Debug|iPhoneSimulator
		{43E87089-BD20-49ED-B2C9-A7ECB2871DC3}.Release|iPhoneSimulator.ActiveCfg = Release|iPhoneSimulator
		{43E87089-BD20-49ED-B2C9-A7ECB2871DC3}.Release|iPhoneSimulator.Build.0 = Release|iPhoneSimulator
		{43E87089-BD20-49ED-B2C9-A7ECB2871DC3}.Debug|iPhone.ActiveCfg = Debug|iPhone
		{43E87089-BD20-49ED-B2C9-A7ECB2871DC3}.Debug|iPhone.Build.0 = Debug|iPhone
		{43E87089-BD20-49ED-B2C9-A7ECB2871DC3}.Release|iPhone.ActiveCfg = Release|iPhone
		{43E87089-BD20-49ED-B2C9-A7ECB2871DC3}.Release|iPhone.Build.0 = Release|iPhone
		{0FA1984A-692B-4ED8-82B0-5FCA875C1CCB}.Debug|Any CPU.ActiveCfg = Debug|Any CPU
		{0FA1984A-692B-4ED8-82B0-5FCA875C1CCB}.Debug|Any CPU.Build.0 = Debug|Any CPU
		{0FA1984A-692B-4ED8-82B0-5FCA875C1CCB}.Release|Any CPU.ActiveCfg = Release|Any CPU
		{0FA1984A-692B-4ED8-82B0-5FCA875C1CCB}.Release|Any CPU.Build.0 = Release|Any CPU
		{0FA1984A-692B-4ED8-82B0-5FCA875C1CCB}.Debug|iPhoneSimulator.ActiveCfg = Debug|Any CPU
		{0FA1984A-692B-4ED8-82B0-5FCA875C1CCB}.Debug|iPhoneSimulator.Build.0 = Debug|Any CPU
		{0FA1984A-692B-4ED8-82B0-5FCA875C1CCB}.Release|iPhoneSimulator.ActiveCfg = Release|Any CPU
		{0FA1984A-692B-4ED8-82B0-5FCA875C1CCB}.Release|iPhoneSimulator.Build.0 = Release|Any CPU
		{0FA1984A-692B-4ED8-82B0-5FCA875C1CCB}.Debug|iPhone.ActiveCfg = Debug|Any CPU
		{0FA1984A-692B-4ED8-82B0-5FCA875C1CCB}.Debug|iPhone.Build.0 = Debug|Any CPU
		{0FA1984A-692B-4ED8-82B0-5FCA875C1CCB}.Release|iPhone.ActiveCfg = Release|Any CPU
		{0FA1984A-692B-4ED8-82B0-5FCA875C1CCB}.Release|iPhone.Build.0 = Release|Any CPU
		{D4595336-CA96-4424-BFC2-677DDE7E09C9}.Debug|Any CPU.ActiveCfg = Debug|Any CPU
		{D4595336-CA96-4424-BFC2-677DDE7E09C9}.Debug|Any CPU.Build.0 = Debug|Any CPU
		{D4595336-CA96-4424-BFC2-677DDE7E09C9}.Release|Any CPU.ActiveCfg = Release|Any CPU
		{D4595336-CA96-4424-BFC2-677DDE7E09C9}.Release|Any CPU.Build.0 = Release|Any CPU
		{D4595336-CA96-4424-BFC2-677DDE7E09C9}.Debug|iPhoneSimulator.ActiveCfg = Debug|Any CPU
		{D4595336-CA96-4424-BFC2-677DDE7E09C9}.Debug|iPhoneSimulator.Build.0 = Debug|Any CPU
		{D4595336-CA96-4424-BFC2-677DDE7E09C9}.Release|iPhoneSimulator.ActiveCfg = Release|Any CPU
		{D4595336-CA96-4424-BFC2-677DDE7E09C9}.Release|iPhoneSimulator.Build.0 = Release|Any CPU
		{D4595336-CA96-4424-BFC2-677DDE7E09C9}.Debug|iPhone.ActiveCfg = Debug|Any CPU
		{D4595336-CA96-4424-BFC2-677DDE7E09C9}.Debug|iPhone.Build.0 = Debug|Any CPU
		{D4595336-CA96-4424-BFC2-677DDE7E09C9}.Release|iPhone.ActiveCfg = Release|Any CPU
		{D4595336-CA96-4424-BFC2-677DDE7E09C9}.Release|iPhone.Build.0 = Release|Any CPU
	EndGlobalSection
EndGlobal
